
Microsoft Visual Studio Solution File, Format Version 12.00
# Visual Studio Version 16
VisualStudioVersion = 16.0.31702.278
MinimumVisualStudioVersion = 10.0.40219.1
Project("{FAE04EC0-301F-11D3-BF4B-00C04F79EFBC}") = "ClassDemo2021RelationerOgArv", "ClassDemo2021RelationerOgArv\ClassDemo2021RelationerOgArv.csproj", "{61A95173-BF3E-4155-A9EB-3E55956E6230}"
EndProject
Global
	GlobalSection(SolutionConfigurationPlatforms) = preSolution
		Debug|Any CPU = Debug|Any CPU
		Release|Any CPU = Release|Any CPU
	EndGlobalSection
	GlobalSection(ProjectConfigurationPlatforms) = postSolution
		{61A95173-BF3E-4155-A9EB-3E55956E6230}.Debug|Any CPU.ActiveCfg = Debug|Any CPU
		{61A95173-BF3E-4155-A9EB-3E55956E6230}.Debug|Any CPU.Build.0 = Debug|Any CPU
		{61A95173-BF3E-4155-A9EB-3E55956E6230}.Release|Any CPU.ActiveCfg = Release|Any CPU
		{61A95173-BF3E-4155-A9EB-3E55956E6230}.Release|Any CPU.Build.0 = Release|Any CPU
	EndGlobalSection
	GlobalSection(SolutionProperties) = preSolution
		HideSolutionNode = FALSE
	EndGlobalSection
	GlobalSection(ExtensibilityGlobals) = postSolution
		SolutionGuid = {437920AA-7A80-4FF4-B162-C933C14F3D35}
	EndGlobalSection
EndGlobal
